
Microsoft Visual Studio Solution File, Format Version 12.00
# Visual Studio Version 17
VisualStudioVersion = 17.0.31903.59
MinimumVisualStudioVersion = 10.0.40219.1
Project("{2150E333-8FDC-42A3-9474-1A3956D46DE8}") = "src", "src", "{70F25382-E84B-4713-8711-83AD52059CDE}"
EndProject
Project("{FAE04EC0-301F-11D3-BF4B-00C04F79EFBC}") = "AuctionService", "src\AuctionService\AuctionService.csproj", "{93EC29D9-25F0-4A3C-A10D-4B6B6F11948B}"
EndProject
Project("{FAE04EC0-301F-11D3-BF4B-00C04F79EFBC}") = "SearchService", "src\SearchService\SearchService.csproj", "{4942D5CD-F286-4505-B3E3-13893C8D9019}"
EndProject
Project("{FAE04EC0-301F-11D3-BF4B-00C04F79EFBC}") = "Base", "src\Base\Base.csproj", "{7A250DAE-59E1-459C-A027-4ABD4095B152}"
EndProject
Global
	GlobalSection(SolutionConfigurationPlatforms) = preSolution
		Debug|Any CPU = Debug|Any CPU
		Release|Any CPU = Release|Any CPU
	EndGlobalSection
	GlobalSection(SolutionProperties) = preSolution
		HideSolutionNode = FALSE
	EndGlobalSection
	GlobalSection(ProjectConfigurationPlatforms) = postSolution
		{93EC29D9-25F0-4A3C-A10D-4B6B6F11948B}.Debug|Any CPU.ActiveCfg = Debug|Any CPU
		{93EC29D9-25F0-4A3C-A10D-4B6B6F11948B}.Debug|Any CPU.Build.0 = Debug|Any CPU
		{93EC29D9-25F0-4A3C-A10D-4B6B6F11948B}.Release|Any CPU.ActiveCfg = Release|Any CPU
		{93EC29D9-25F0-4A3C-A10D-4B6B6F11948B}.Release|Any CPU.Build.0 = Release|Any CPU
		{4942D5CD-F286-4505-B3E3-13893C8D9019}.Debug|Any CPU.ActiveCfg = Debug|Any CPU
		{4942D5CD-F286-4505-B3E3-13893C8D9019}.Debug|Any CPU.Build.0 = Debug|Any CPU
		{4942D5CD-F286-4505-B3E3-13893C8D9019}.Release|Any CPU.ActiveCfg = Release|Any CPU
		{4942D5CD-F286-4505-B3E3-13893C8D9019}.Release|Any CPU.Build.0 = Release|Any CPU
		{7A250DAE-59E1-459C-A027-4ABD4095B152}.Debug|Any CPU.ActiveCfg = Debug|Any CPU
		{7A250DAE-59E1-459C-A027-4ABD4095B152}.Debug|Any CPU.Build.0 = Debug|Any CPU
		{7A250DAE-59E1-459C-A027-4ABD4095B152}.Release|Any CPU.ActiveCfg = Release|Any CPU
		{7A250DAE-59E1-459C-A027-4ABD4095B152}.Release|Any CPU.Build.0 = Release|Any CPU
	EndGlobalSection
	GlobalSection(NestedProjects) = preSolution
		{93EC29D9-25F0-4A3C-A10D-4B6B6F11948B} = {70F25382-E84B-4713-8711-83AD52059CDE}
		{4942D5CD-F286-4505-B3E3-13893C8D9019} = {70F25382-E84B-4713-8711-83AD52059CDE}
		{7A250DAE-59E1-459C-A027-4ABD4095B152} = {70F25382-E84B-4713-8711-83AD52059CDE}
	EndGlobalSection
EndGlobal
